// !$*UTF8*$!
{
	archiveVersion = 1;
	classes = {
	};
	objectVersion = 46;
	objects = {

/* Begin PBXBuildFile section */
		D3D7B38D18B16A3700C66D0E /* Foundation.framework in Frameworks */ = {isa = PBXBuildFile; fileRef = D3D7B38C18B16A3700C66D0E /* Foundation.framework */; };
		D3D7B38F18B16A3700C66D0E /* CoreGraphics.framework in Frameworks */ = {isa = PBXBuildFile; fileRef = D3D7B38E18B16A3700C66D0E /* CoreGraphics.framework */; };
		D3D7B39118B16A3700C66D0E /* UIKit.framework in Frameworks */ = {isa = PBXBuildFile; fileRef = D3D7B39018B16A3700C66D0E /* UIKit.framework */; };
		D3D7B39718B16A3700C66D0E /* InfoPlist.strings in Resources */ = {isa = PBXBuildFile; fileRef = D3D7B39518B16A3700C66D0E /* InfoPlist.strings */; };
		D3D7B39918B16A3700C66D0E /* main.m in Sources */ = {isa = PBXBuildFile; fileRef = D3D7B39818B16A3700C66D0E /* main.m */; };
		D3D7B39D18B16A3700C66D0E /* AppDelegate.m in Sources */ = {isa = PBXBuildFile; fileRef = D3D7B39C18B16A3700C66D0E /* AppDelegate.m */; };
		D3D7B3A018B16A3700C66D0E /* RootViewController.m in Sources */ = {isa = PBXBuildFile; fileRef = D3D7B39F18B16A3700C66D0E /* RootViewController.m */; };
		D3D7B3A318B16A3700C66D0E /* DataViewController.m in Sources */ = {isa = PBXBuildFile; fileRef = D3D7B3A218B16A3700C66D0E /* DataViewController.m */; };
		D3D7B3A618B16A3700C66D0E /* ModelController.m in Sources */ = {isa = PBXBuildFile; fileRef = D3D7B3A518B16A3700C66D0E /* ModelController.m */; };
		D3D7B3A918B16A3700C66D0E /* Main.storyboard in Resources */ = {isa = PBXBuildFile; fileRef = D3D7B3A718B16A3700C66D0E /* Main.storyboard */; };
		D3D7B3AB18B16A3700C66D0E /* Images.xcassets in Resources */ = {isa = PBXBuildFile; fileRef = D3D7B3AA18B16A3700C66D0E /* Images.xcassets */; };
		D3D7B3B218B16A3700C66D0E /* XCTest.framework in Frameworks */ = {isa = PBXBuildFile; fileRef = D3D7B3B118B16A3700C66D0E /* XCTest.framework */; };
		D3D7B3B318B16A3700C66D0E /* Foundation.framework in Frameworks */ = {isa = PBXBuildFile; fileRef = D3D7B38C18B16A3700C66D0E /* Foundation.framework */; };
		D3D7B3B418B16A3700C66D0E /* UIKit.framework in Frameworks */ = {isa = PBXBuildFile; fileRef = D3D7B39018B16A3700C66D0E /* UIKit.framework */; };
		D3D7B3BC18B16A3700C66D0E /* InfoPlist.strings in Resources */ = {isa = PBXBuildFile; fileRef = D3D7B3BA18B16A3700C66D0E /* InfoPlist.strings */; };
		D3D7B3BE18B16A3700C66D0E /* Color_CloudTests.m in Sources */ = {isa = PBXBuildFile; fileRef = D3D7B3BD18B16A3700C66D0E /* Color_CloudTests.m */; };
/* End PBXBuildFile section */

/* Begin PBXContainerItemProxy section */
		D3D7B3B518B16A3700C66D0E /* PBXContainerItemProxy */ = {
			isa = PBXContainerItemProxy;
			containerPortal = D3D7B38118B16A3700C66D0E /* Project object */;
			proxyType = 1;
			remoteGlobalIDString = D3D7B38818B16A3700C66D0E;
			remoteInfo = "Color Cloud";
		};
/* End PBXContainerItemProxy section */

/* Begin PBXFileReference section */
		D3D7B38918B16A3700C66D0E /* Color Cloud.app */ = {isa = PBXFileReference; explicitFileType = wrapper.application; includeInIndex = 0; path = "Color Cloud.app"; sourceTree = BUILT_PRODUCTS_DIR; };
		D3D7B38C18B16A3700C66D0E /* Foundation.framework */ = {isa = PBXFileReference; lastKnownFileType = wrapper.framework; name = Foundation.framework; path = System/Library/Frameworks/Foundation.framework; sourceTree = SDKROOT; };
		D3D7B38E18B16A3700C66D0E /* CoreGraphics.framework */ = {isa = PBXFileReference; lastKnownFileType = wrapper.framework; name = CoreGraphics.framework; path = System/Library/Frameworks/CoreGraphics.framework; sourceTree = SDKROOT; };
		D3D7B39018B16A3700C66D0E /* UIKit.framework */ = {isa = PBXFileReference; lastKnownFileType = wrapper.framework; name = UIKit.framework; path = System/Library/Frameworks/UIKit.framework; sourceTree = SDKROOT; };
		D3D7B39418B16A3700C66D0E /* Color Cloud-Info.plist */ = {isa = PBXFileReference; lastKnownFileType = text.plist.xml; path = "Color Cloud-Info.plist"; sourceTree = "<group>"; };
		D3D7B39618B16A3700C66D0E /* en */ = {isa = PBXFileReference; lastKnownFileType = text.plist.strings; name = en; path = en.lproj/InfoPlist.strings; sourceTree = "<group>"; };
		D3D7B39818B16A3700C66D0E /* main.m */ = {isa = PBXFileReference; lastKnownFileType = sourcecode.c.objc; path = main.m; sourceTree = "<group>"; };
		D3D7B39A18B16A3700C66D0E /* Color Cloud-Prefix.pch */ = {isa = PBXFileReference; lastKnownFileType = sourcecode.c.h; path = "Color Cloud-Prefix.pch"; sourceTree = "<group>"; };
		D3D7B39B18B16A3700C66D0E /* AppDelegate.h */ = {isa = PBXFileReference; lastKnownFileType = sourcecode.c.h; path = AppDelegate.h; sourceTree = "<group>"; };
		D3D7B39C18B16A3700C66D0E /* AppDelegate.m */ = {isa = PBXFileReference; lastKnownFileType = sourcecode.c.objc; path = AppDelegate.m; sourceTree = "<group>"; };
		D3D7B39E18B16A3700C66D0E /* RootViewController.h */ = {isa = PBXFileReference; lastKnownFileType = sourcecode.c.h; path = RootViewController.h; sourceTree = "<group>"; };
		D3D7B39F18B16A3700C66D0E /* RootViewController.m */ = {isa = PBXFileReference; lastKnownFileType = sourcecode.c.objc; path = RootViewController.m; sourceTree = "<group>"; };
		D3D7B3A118B16A3700C66D0E /* DataViewController.h */ = {isa = PBXFileReference; lastKnownFileType = sourcecode.c.h; path = DataViewController.h; sourceTree = "<group>"; };
		D3D7B3A218B16A3700C66D0E /* DataViewController.m */ = {isa = PBXFileReference; lastKnownFileType = sourcecode.c.objc; path = DataViewController.m; sourceTree = "<group>"; };
		D3D7B3A418B16A3700C66D0E /* ModelController.h */ = {isa = PBXFileReference; lastKnownFileType = sourcecode.c.h; path = ModelController.h; sourceTree = "<group>"; };
		D3D7B3A518B16A3700C66D0E /* ModelController.m */ = {isa = PBXFileReference; lastKnownFileType = sourcecode.c.objc; path = ModelController.m; sourceTree = "<group>"; };
		D3D7B3A818B16A3700C66D0E /* Base */ = {isa = PBXFileReference; lastKnownFileType = file.storyboard; name = Base; path = Base.lproj/Main.storyboard; sourceTree = "<group>"; };
		D3D7B3AA18B16A3700C66D0E /* Images.xcassets */ = {isa = PBXFileReference; lastKnownFileType = folder.assetcatalog; path = Images.xcassets; sourceTree = "<group>"; };
		D3D7B3B018B16A3700C66D0E /* Color CloudTests.xctest */ = {isa = PBXFileReference; explicitFileType = wrapper.cfbundle; includeInIndex = 0; path = "Color CloudTests.xctest"; sourceTree = BUILT_PRODUCTS_DIR; };
		D3D7B3B118B16A3700C66D0E /* XCTest.framework */ = {isa = PBXFileReference; lastKnownFileType = wrapper.framework; name = XCTest.framework; path = Library/Frameworks/XCTest.framework; sourceTree = DEVELOPER_DIR; };
		D3D7B3B918B16A3700C66D0E /* Color CloudTests-Info.plist */ = {isa = PBXFileReference; lastKnownFileType = text.plist.xml; path = "Color CloudTests-Info.plist"; sourceTree = "<group>"; };
		D3D7B3BB18B16A3700C66D0E /* en */ = {isa = PBXFileReference; lastKnownFileType = text.plist.strings; name = en; path = en.lproj/InfoPlist.strings; sourceTree = "<group>"; };
		D3D7B3BD18B16A3700C66D0E /* Color_CloudTests.m */ = {isa = PBXFileReference; lastKnownFileType = sourcecode.c.objc; path = Color_CloudTests.m; sourceTree = "<group>"; };
/* End PBXFileReference section */

/* Begin PBXFrameworksBuildPhase section */
		D3D7B38618B16A3700C66D0E /* Frameworks */ = {
			isa = PBXFrameworksBuildPhase;
			buildActionMask = 2147483647;
			files = (
				D3D7B38F18B16A3700C66D0E /* CoreGraphics.framework in Frameworks */,
				D3D7B39118B16A3700C66D0E /* UIKit.framework in Frameworks */,
				D3D7B38D18B16A3700C66D0E /* Foundation.framework in Frameworks */,
			);
			runOnlyForDeploymentPostprocessing = 0;
		};
		D3D7B3AD18B16A3700C66D0E /* Frameworks */ = {
			isa = PBXFrameworksBuildPhase;
			buildActionMask = 2147483647;
			files = (
				D3D7B3B218B16A3700C66D0E /* XCTest.framework in Frameworks */,
				D3D7B3B418B16A3700C66D0E /* UIKit.framework in Frameworks */,
				D3D7B3B318B16A3700C66D0E /* Foundation.framework in Frameworks */,
			);
			runOnlyForDeploymentPostprocessing = 0;
		};
/* End PBXFrameworksBuildPhase section */

/* Begin PBXGroup section */
		D3D7B38018B16A3700C66D0E = {
			isa = PBXGroup;
			children = (
				D3D7B39218B16A3700C66D0E /* Color Cloud */,
				D3D7B3B718B16A3700C66D0E /* Color CloudTests */,
				D3D7B38B18B16A3700C66D0E /* Frameworks */,
				D3D7B38A18B16A3700C66D0E /* Products */,
			);
			sourceTree = "<group>";
		};
		D3D7B38A18B16A3700C66D0E /* Products */ = {
			isa = PBXGroup;
			children = (
				D3D7B38918B16A3700C66D0E /* Color Cloud.app */,
				D3D7B3B018B16A3700C66D0E /* Color CloudTests.xctest */,
			);
			name = Products;
			sourceTree = "<group>";
		};
		D3D7B38B18B16A3700C66D0E /* Frameworks */ = {
			isa = PBXGroup;
			children = (
				D3D7B38C18B16A3700C66D0E /* Foundation.framework */,
				D3D7B38E18B16A3700C66D0E /* CoreGraphics.framework */,
				D3D7B39018B16A3700C66D0E /* UIKit.framework */,
				D3D7B3B118B16A3700C66D0E /* XCTest.framework */,
			);
			name = Frameworks;
			sourceTree = "<group>";
		};
		D3D7B39218B16A3700C66D0E /* Color Cloud */ = {
			isa = PBXGroup;
			children = (
				D3D7B39B18B16A3700C66D0E /* AppDelegate.h */,
				D3D7B39C18B16A3700C66D0E /* AppDelegate.m */,
				D3D7B39E18B16A3700C66D0E /* RootViewController.h */,
				D3D7B39F18B16A3700C66D0E /* RootViewController.m */,
				D3D7B3A118B16A3700C66D0E /* DataViewController.h */,
				D3D7B3A218B16A3700C66D0E /* DataViewController.m */,
				D3D7B3A418B16A3700C66D0E /* ModelController.h */,
				D3D7B3A518B16A3700C66D0E /* ModelController.m */,
				D3D7B3A718B16A3700C66D0E /* Main.storyboard */,
				D3D7B3AA18B16A3700C66D0E /* Images.xcassets */,
				D3D7B39318B16A3700C66D0E /* Supporting Files */,
			);
			path = "Color Cloud";
			sourceTree = "<group>";
		};
		D3D7B39318B16A3700C66D0E /* Supporting Files */ = {
			isa = PBXGroup;
			children = (
				D3D7B39418B16A3700C66D0E /* Color Cloud-Info.plist */,
				D3D7B39518B16A3700C66D0E /* InfoPlist.strings */,
				D3D7B39818B16A3700C66D0E /* main.m */,
				D3D7B39A18B16A3700C66D0E /* Color Cloud-Prefix.pch */,
			);
			name = "Supporting Files";
			sourceTree = "<group>";
		};
		D3D7B3B718B16A3700C66D0E /* Color CloudTests */ = {
			isa = PBXGroup;
			children = (
				D3D7B3BD18B16A3700C66D0E /* Color_CloudTests.m */,
				D3D7B3B818B16A3700C66D0E /* Supporting Files */,
			);
			path = "Color CloudTests";
			sourceTree = "<group>";
		};
		D3D7B3B818B16A3700C66D0E /* Supporting Files */ = {
			isa = PBXGroup;
			children = (
				D3D7B3B918B16A3700C66D0E /* Color CloudTests-Info.plist */,
				D3D7B3BA18B16A3700C66D0E /* InfoPlist.strings */,
			);
			name = "Supporting Files";
			sourceTree = "<group>";
		};
/* End PBXGroup section */

/* Begin PBXNativeTarget section */
		D3D7B38818B16A3700C66D0E /* Color Cloud */ = {
			isa = PBXNativeTarget;
			buildConfigurationList = D3D7B3C118B16A3700C66D0E /* Build configuration list for PBXNativeTarget "Color Cloud" */;
			buildPhases = (
				D3D7B38518B16A3700C66D0E /* Sources */,
				D3D7B38618B16A3700C66D0E /* Frameworks */,
				D3D7B38718B16A3700C66D0E /* Resources */,
			);
			buildRules = (
			);
			dependencies = (
			);
			name = "Color Cloud";
			productName = "Color Cloud";
			productReference = D3D7B38918B16A3700C66D0E /* Color Cloud.app */;
			productType = "com.apple.product-type.application";
		};
		D3D7B3AF18B16A3700C66D0E /* Color CloudTests */ = {
			isa = PBXNativeTarget;
			buildConfigurationList = D3D7B3C418B16A3700C66D0E /* Build configuration list for PBXNativeTarget "Color CloudTests" */;
			buildPhases = (
				D3D7B3AC18B16A3700C66D0E /* Sources */,
				D3D7B3AD18B16A3700C66D0E /* Frameworks */,
				D3D7B3AE18B16A3700C66D0E /* Resources */,
			);
			buildRules = (
			);
			dependencies = (
				D3D7B3B618B16A3700C66D0E /* PBXTargetDependency */,
			);
			name = "Color CloudTests";
			productName = "Color CloudTests";
			productReference = D3D7B3B018B16A3700C66D0E /* Color CloudTests.xctest */;
			productType = "com.apple.product-type.bundle.unit-test";
		};
/* End PBXNativeTarget section */

/* Begin PBXProject section */
		D3D7B38118B16A3700C66D0E /* Project object */ = {
			isa = PBXProject;
			attributes = {
				LastUpgradeCheck = 0500;
				ORGANIZATIONNAME = IDEO;
				TargetAttributes = {
					D3D7B3AF18B16A3700C66D0E = {
						TestTargetID = D3D7B38818B16A3700C66D0E;
					};
				};
			};
			buildConfigurationList = D3D7B38418B16A3700C66D0E /* Build configuration list for PBXProject "Color Cloud" */;
			compatibilityVersion = "Xcode 3.2";
			developmentRegion = English;
			hasScannedForEncodings = 0;
			knownRegions = (
				en,
				Base,
			);
			mainGroup = D3D7B38018B16A3700C66D0E;
			productRefGroup = D3D7B38A18B16A3700C66D0E /* Products */;
			projectDirPath = "";
			projectRoot = "";
			targets = (
				D3D7B38818B16A3700C66D0E /* Color Cloud */,
				D3D7B3AF18B16A3700C66D0E /* Color CloudTests */,
			);
		};
/* End PBXProject section */

/* Begin PBXResourcesBuildPhase section */
		D3D7B38718B16A3700C66D0E /* Resources */ = {
			isa = PBXResourcesBuildPhase;
			buildActionMask = 2147483647;
			files = (
				D3D7B3AB18B16A3700C66D0E /* Images.xcassets in Resources */,
				D3D7B39718B16A3700C66D0E /* InfoPlist.strings in Resources */,
				D3D7B3A918B16A3700C66D0E /* Main.storyboard in Resources */,
			);
			runOnlyForDeploymentPostprocessing = 0;
		};
		D3D7B3AE18B16A3700C66D0E /* Resources */ = {
			isa = PBXResourcesBuildPhase;
			buildActionMask = 2147483647;
			files = (
				D3D7B3BC18B16A3700C66D0E /* InfoPlist.strings in Resources */,
			);
			runOnlyForDeploymentPostprocessing = 0;
		};
/* End PBXResourcesBuildPhase section */

/* Begin PBXSourcesBuildPhase section */
		D3D7B38518B16A3700C66D0E /* Sources */ = {
			isa = PBXSourcesBuildPhase;
			buildActionMask = 2147483647;
			files = (
				D3D7B3A318B16A3700C66D0E /* DataViewController.m in Sources */,
				D3D7B39D18B16A3700C66D0E /* AppDelegate.m in Sources */,
				D3D7B3A618B16A3700C66D0E /* ModelController.m in Sources */,
				D3D7B39918B16A3700C66D0E /* main.m in Sources */,
				D3D7B3A018B16A3700C66D0E /* RootViewController.m in Sources */,
			);
			runOnlyForDeploymentPostprocessing = 0;
		};
		D3D7B3AC18B16A3700C66D0E /* Sources */ = {
			isa = PBXSourcesBuildPhase;
			buildActionMask = 2147483647;
			files = (
				D3D7B3BE18B16A3700C66D0E /* Color_CloudTests.m in Sources */,
			);
			runOnlyForDeploymentPostprocessing = 0;
		};
/* End PBXSourcesBuildPhase section */

/* Begin PBXTargetDependency section */
		D3D7B3B618B16A3700C66D0E /* PBXTargetDependency */ = {
			isa = PBXTargetDependency;
			target = D3D7B38818B16A3700C66D0E /* Color Cloud */;
			targetProxy = D3D7B3B518B16A3700C66D0E /* PBXContainerItemProxy */;
		};
/* End PBXTargetDependency section */

/* Begin PBXVariantGroup section */
		D3D7B39518B16A3700C66D0E /* InfoPlist.strings */ = {
			isa = PBXVariantGroup;
			children = (
				D3D7B39618B16A3700C66D0E /* en */,
			);
			name = InfoPlist.strings;
			sourceTree = "<group>";
		};
		D3D7B3A718B16A3700C66D0E /* Main.storyboard */ = {
			isa = PBXVariantGroup;
			children = (
				D3D7B3A818B16A3700C66D0E /* Base */,
			);
			name = Main.storyboard;
			sourceTree = "<group>";
		};
		D3D7B3BA18B16A3700C66D0E /* InfoPlist.strings */ = {
			isa = PBXVariantGroup;
			children = (
				D3D7B3BB18B16A3700C66D0E /* en */,
			);
			name = InfoPlist.strings;
			sourceTree = "<group>";
		};
/* End PBXVariantGroup section */

/* Begin XCBuildConfiguration section */
		D3D7B3BF18B16A3700C66D0E /* Debug */ = {
			isa = XCBuildConfiguration;
			buildSettings = {
				ALWAYS_SEARCH_USER_PATHS = NO;
				ARCHS = "$(ARCHS_STANDARD_INCLUDING_64_BIT)";
				CLANG_CXX_LANGUAGE_STANDARD = "gnu++0x";
				CLANG_CXX_LIBRARY = "libc++";
				CLANG_ENABLE_MODULES = YES;
				CLANG_ENABLE_OBJC_ARC = YES;
				CLANG_WARN_BOOL_CONVERSION = YES;
				CLANG_WARN_CONSTANT_CONVERSION = YES;
				CLANG_WARN_DIRECT_OBJC_ISA_USAGE = YES_ERROR;
				CLANG_WARN_EMPTY_BODY = YES;
				CLANG_WARN_ENUM_CONVERSION = YES;
				CLANG_WARN_INT_CONVERSION = YES;
				CLANG_WARN_OBJC_ROOT_CLASS = YES_ERROR;
				CLANG_WARN__DUPLICATE_METHOD_MATCH = YES;
				"CODE_SIGN_IDENTITY[sdk=iphoneos*]" = "iPhone Developer";
				COPY_PHASE_STRIP = NO;
				GCC_C_LANGUAGE_STANDARD = gnu99;
				GCC_DYNAMIC_NO_PIC = NO;
				GCC_OPTIMIZATION_LEVEL = 0;
				GCC_PREPROCESSOR_DEFINITIONS = (
					"DEBUG=1",
					"$(inherited)",
				);
				GCC_SYMBOLS_PRIVATE_EXTERN = NO;
				GCC_WARN_64_TO_32_BIT_CONVERSION = YES;
				GCC_WARN_ABOUT_RETURN_TYPE = YES_ERROR;
				GCC_WARN_UNDECLARED_SELECTOR = YES;
				GCC_WARN_UNINITIALIZED_AUTOS = YES;
				GCC_WARN_UNUSED_FUNCTION = YES;
				GCC_WARN_UNUSED_VARIABLE = YES;
				IPHONEOS_DEPLOYMENT_TARGET = 7.0;
				ONLY_ACTIVE_ARCH = YES;
				SDKROOT = iphoneos;
				TARGETED_DEVICE_FAMILY = 2;
			};
			name = Debug;
		};
		D3D7B3C018B16A3700C66D0E /* Release */ = {
			isa = XCBuildConfiguration;
			buildSettings = {
				ALWAYS_SEARCH_USER_PATHS = NO;
				ARCHS = "$(ARCHS_STANDARD_INCLUDING_64_BIT)";
				CLANG_CXX_LANGUAGE_STANDARD = "gnu++0x";
				CLANG_CXX_LIBRARY = "libc++";
				CLANG_ENABLE_MODULES = YES;
				CLANG_ENABLE_OBJC_ARC = YES;
				CLANG_WARN_BOOL_CONVERSION = YES;
				CLANG_WARN_CONSTANT_CONVERSION = YES;
				CLANG_WARN_DIRECT_OBJC_ISA_USAGE = YES_ERROR;
				CLANG_WARN_EMPTY_BODY = YES;
				CLANG_WARN_ENUM_CONVERSION = YES;
				CLANG_WARN_INT_CONVERSION = YES;
				CLANG_WARN_OBJC_ROOT_CLASS = YES_ERROR;
				CLANG_WARN__DUPLICATE_METHOD_MATCH = YES;
				"CODE_SIGN_IDENTITY[sdk=iphoneos*]" = "iPhone Developer";
				COPY_PHASE_STRIP = YES;
				ENABLE_NS_ASSERTIONS = NO;
				GCC_C_LANGUAGE_STANDARD = gnu99;
				GCC_WARN_64_TO_32_BIT_CONVERSION = YES;
				GCC_WARN_ABOUT_RETURN_TYPE = YES_ERROR;
				GCC_WARN_UNDECLARED_SELECTOR = YES;
				GCC_WARN_UNINITIALIZED_AUTOS = YES;
				GCC_WARN_UNUSED_FUNCTION = YES;
				GCC_WARN_UNUSED_VARIABLE = YES;
				IPHONEOS_DEPLOYMENT_TARGET = 7.0;
				SDKROOT = iphoneos;
				TARGETED_DEVICE_FAMILY = 2;
				VALIDATE_PRODUCT = YES;
			};
			name = Release;
		};
		D3D7B3C218B16A3700C66D0E /* Debug */ = {
			isa = XCBuildConfiguration;
			buildSettings = {
				ASSETCATALOG_COMPILER_APPICON_NAME = AppIcon;
				ASSETCATALOG_COMPILER_LAUNCHIMAGE_NAME = LaunchImage;
				GCC_PRECOMPILE_PREFIX_HEADER = YES;
				GCC_PREFIX_HEADER = "Color Cloud/Color Cloud-Prefix.pch";
				INFOPLIST_FILE = "Color Cloud/Color Cloud-Info.plist";
				PRODUCT_NAME = "$(TARGET_NAME)";
				WRAPPER_EXTENSION = app;
			};
			name = Debug;
		};
		D3D7B3C318B16A3700C66D0E /* Release */ = {
			isa = XCBuildConfiguration;
			buildSettings = {
				ASSETCATALOG_COMPILER_APPICON_NAME = AppIcon;
				ASSETCATALOG_COMPILER_LAUNCHIMAGE_NAME = LaunchImage;
				GCC_PRECOMPILE_PREFIX_HEADER = YES;
				GCC_PREFIX_HEADER = "Color Cloud/Color Cloud-Prefix.pch";
				INFOPLIST_FILE = "Color Cloud/Color Cloud-Info.plist";
				PRODUCT_NAME = "$(TARGET_NAME)";
				WRAPPER_EXTENSION = app;
			};
			name = Release;
		};
		D3D7B3C518B16A3700C66D0E /* Debug */ = {
			isa = XCBuildConfiguration;
			buildSettings = {
				ARCHS = "$(ARCHS_STANDARD_INCLUDING_64_BIT)";
				BUNDLE_LOADER = "$(BUILT_PRODUCTS_DIR)/Color Cloud.app/Color Cloud";
				FRAMEWORK_SEARCH_PATHS = (
					"$(SDKROOT)/Developer/Library/Frameworks",
					"$(inherited)",
					"$(DEVELOPER_FRAMEWORKS_DIR)",
				);
				GCC_PRECOMPILE_PREFIX_HEADER = YES;
				GCC_PREFIX_HEADER = "Color Cloud/Color Cloud-Prefix.pch";
				GCC_PREPROCESSOR_DEFINITIONS = (
					"DEBUG=1",
					"$(inherited)",
				);
				INFOPLIST_FILE = "Color CloudTests/Color CloudTests-Info.plist";
				PRODUCT_NAME = "$(TARGET_NAME)";
				TEST_HOST = "$(BUNDLE_LOADER)";
				WRAPPER_EXTENSION = xctest;
			};
			name = Debug;
		};
		D3D7B3C618B16A3700C66D0E /* Release */ = {
			isa = XCBuildConfiguration;
			buildSettings = {
				ARCHS = "$(ARCHS_STANDARD_INCLUDING_64_BIT)";
				BUNDLE_LOADER = "$(BUILT_PRODUCTS_DIR)/Color Cloud.app/Color Cloud";
				FRAMEWORK_SEARCH_PATHS = (
					"$(SDKROOT)/Developer/Library/Frameworks",
					"$(inherited)",
					"$(DEVELOPER_FRAMEWORKS_DIR)",
				);
				GCC_PRECOMPILE_PREFIX_HEADER = YES;
				GCC_PREFIX_HEADER = "Color Cloud/Color Cloud-Prefix.pch";
				INFOPLIST_FILE = "Color CloudTests/Color CloudTests-Info.plist";
				PRODUCT_NAME = "$(TARGET_NAME)";
				TEST_HOST = "$(BUNDLE_LOADER)";
				WRAPPER_EXTENSION = xctest;
			};
			name = Release;
		};
/* End XCBuildConfiguration section */

/* Begin XCConfigurationList section */
		D3D7B38418B16A3700C66D0E /* Build configuration list for PBXProject "Color Cloud" */ = {
			isa = XCConfigurationList;
			buildConfigurations = (
				D3D7B3BF18B16A3700C66D0E /* Debug */,
				D3D7B3C018B16A3700C66D0E /* Release */,
			);
			defaultConfigurationIsVisible = 0;
			defaultConfigurationName = Release;
		};
		D3D7B3C118B16A3700C66D0E /* Build configuration list for PBXNativeTarget "Color Cloud" */ = {
			isa = XCConfigurationList;
			buildConfigurations = (
				D3D7B3C218B16A3700C66D0E /* Debug */,
				D3D7B3C318B16A3700C66D0E /* Release */,
			);
			defaultConfigurationIsVisible = 0;
		};
		D3D7B3C418B16A3700C66D0E /* Build configuration list for PBXNativeTarget "Color CloudTests" */ = {
			isa = XCConfigurationList;
			buildConfigurations = (
				D3D7B3C518B16A3700C66D0E /* Debug */,
				D3D7B3C618B16A3700C66D0E /* Release */,
			);
			defaultConfigurationIsVisible = 0;
		};
/* End XCConfigurationList section */
	};
	rootObject = D3D7B38118B16A3700C66D0E /* Project object */;
}
